
Microsoft Visual Studio Solution File, Format Version 12.00
# Visual Studio Version 17
VisualStudioVersion = 17.4.33213.308
MinimumVisualStudioVersion = 10.0.40219.1
Project("{FAE04EC0-301F-11D3-BF4B-00C04F79EFBC}") = "PosSolution", "PosSolution\PosSolution.csproj", "{2D2D4302-8E8A-4E95-988D-9198C51A8763}"
EndProject
Global
	GlobalSection(SolutionConfigurationPlatforms) = preSolution
		Debug|Any CPU = Debug|Any CPU
		Release|Any CPU = Release|Any CPU
	EndGlobalSection
	GlobalSection(ProjectConfigurationPlatforms) = postSolution
		{2D2D4302-8E8A-4E95-988D-9198C51A8763}.Debug|Any CPU.ActiveCfg = Debug|Any CPU
		{2D2D4302-8E8A-4E95-988D-9198C51A8763}.Debug|Any CPU.Build.0 = Debug|Any CPU
		{2D2D4302-8E8A-4E95-988D-9198C51A8763}.Release|Any CPU.ActiveCfg = Release|Any CPU
		{2D2D4302-8E8A-4E95-988D-9198C51A8763}.Release|Any CPU.Build.0 = Release|Any CPU
	EndGlobalSection
	GlobalSection(SolutionProperties) = preSolution
		HideSolutionNode = FALSE
	EndGlobalSection
	GlobalSection(ExtensibilityGlobals) = postSolution
		SolutionGuid = {ECD590B0-EE08-43B0-A4BD-D02FAA92F1DC}
	EndGlobalSection
EndGlobal
